
Microsoft Visual Studio Solution File, Format Version 12.00
Project("{FAE04EC0-301F-11D3-BF4B-00C04F79EFBC}") = "MovieInfo", "MovieInfo\MovieInfo.csproj", "{E5221824-4907-40E3-B665-F887B0CB2D78}"
EndProject
Global
	GlobalSection(SolutionConfigurationPlatforms) = preSolution
		Debug|Any CPU = Debug|Any CPU
		Release|Any CPU = Release|Any CPU
	EndGlobalSection
	GlobalSection(ProjectConfigurationPlatforms) = postSolution
		{E5221824-4907-40E3-B665-F887B0CB2D78}.Debug|Any CPU.ActiveCfg = Debug|Any CPU
		{E5221824-4907-40E3-B665-F887B0CB2D78}.Debug|Any CPU.Build.0 = Debug|Any CPU
		{E5221824-4907-40E3-B665-F887B0CB2D78}.Release|Any CPU.ActiveCfg = Release|Any CPU
		{E5221824-4907-40E3-B665-F887B0CB2D78}.Release|Any CPU.Build.0 = Release|Any CPU
	EndGlobalSection
EndGlobal
